
Microsoft Visual Studio Solution File, Format Version 12.00
# Visual Studio Version 17
VisualStudioVersion = 17.14.36414.22 d17.14
MinimumVisualStudioVersion = 10.0.40219.1
Project("{FAE04EC0-301F-11D3-BF4B-00C04F79EFBC}") = "Relacion03_Ejercicio05", "Relacion03_Ejercicio05\Relacion03_Ejercicio05.csproj", "{68406AEC-976E-4B96-B328-CC9E0426269C}"
EndProject
Global
	GlobalSection(SolutionConfigurationPlatforms) = preSolution
		Debug|Any CPU = Debug|Any CPU
		Release|Any CPU = Release|Any CPU
	EndGlobalSection
	GlobalSection(ProjectConfigurationPlatforms) = postSolution
		{68406AEC-976E-4B96-B328-CC9E0426269C}.Debug|Any CPU.ActiveCfg = Debug|Any CPU
		{68406AEC-976E-4B96-B328-CC9E0426269C}.Debug|Any CPU.Build.0 = Debug|Any CPU
		{68406AEC-976E-4B96-B328-CC9E0426269C}.Release|Any CPU.ActiveCfg = Release|Any CPU
		{68406AEC-976E-4B96-B328-CC9E0426269C}.Release|Any CPU.Build.0 = Release|Any CPU
	EndGlobalSection
	GlobalSection(SolutionProperties) = preSolution
		HideSolutionNode = FALSE
	EndGlobalSection
	GlobalSection(ExtensibilityGlobals) = postSolution
		SolutionGuid = {BAEAEDD8-063D-4359-8F6B-8001DC0DB53A}
	EndGlobalSection
EndGlobal
