
Microsoft Visual Studio Solution File, Format Version 12.00
# Visual Studio Version 17
VisualStudioVersion = 17.14.36414.22 d17.14
MinimumVisualStudioVersion = 10.0.40219.1
Project("{FAE04EC0-301F-11D3-BF4B-00C04F79EFBC}") = "Relacion01_Ejercicio05", "Relacion01_Ejercicio05\Relacion01_Ejercicio05.csproj", "{397C8E10-2B98-401B-96CF-3DEEB4599EA2}"
EndProject
Global
	GlobalSection(SolutionConfigurationPlatforms) = preSolution
		Debug|Any CPU = Debug|Any CPU
		Release|Any CPU = Release|Any CPU
	EndGlobalSection
	GlobalSection(ProjectConfigurationPlatforms) = postSolution
		{397C8E10-2B98-401B-96CF-3DEEB4599EA2}.Debug|Any CPU.ActiveCfg = Debug|Any CPU
		{397C8E10-2B98-401B-96CF-3DEEB4599EA2}.Debug|Any CPU.Build.0 = Debug|Any CPU
		{397C8E10-2B98-401B-96CF-3DEEB4599EA2}.Release|Any CPU.ActiveCfg = Release|Any CPU
		{397C8E10-2B98-401B-96CF-3DEEB4599EA2}.Release|Any CPU.Build.0 = Release|Any CPU
	EndGlobalSection
	GlobalSection(SolutionProperties) = preSolution
		HideSolutionNode = FALSE
	EndGlobalSection
	GlobalSection(ExtensibilityGlobals) = postSolution
		SolutionGuid = {92175456-DF25-4F2D-A877-0DF781A9F409}
	EndGlobalSection
EndGlobal
