
Microsoft Visual Studio Solution File, Format Version 12.00
# Visual Studio Version 17
VisualStudioVersion = 17.14.36623.8 d17.14
MinimumVisualStudioVersion = 10.0.40219.1
Project("{FAE04EC0-301F-11D3-BF4B-00C04F79EFBC}") = "Relacion02_Ejercicio08", "Relacion02_Ejercicio08\Relacion02_Ejercicio08.csproj", "{4BAAE720-E5D7-4F27-8440-6B0244E64412}"
EndProject
Global
	GlobalSection(SolutionConfigurationPlatforms) = preSolution
		Debug|Any CPU = Debug|Any CPU
		Release|Any CPU = Release|Any CPU
	EndGlobalSection
	GlobalSection(ProjectConfigurationPlatforms) = postSolution
		{4BAAE720-E5D7-4F27-8440-6B0244E64412}.Debug|Any CPU.ActiveCfg = Debug|Any CPU
		{4BAAE720-E5D7-4F27-8440-6B0244E64412}.Debug|Any CPU.Build.0 = Debug|Any CPU
		{4BAAE720-E5D7-4F27-8440-6B0244E64412}.Release|Any CPU.ActiveCfg = Release|Any CPU
		{4BAAE720-E5D7-4F27-8440-6B0244E64412}.Release|Any CPU.Build.0 = Release|Any CPU
	EndGlobalSection
	GlobalSection(SolutionProperties) = preSolution
		HideSolutionNode = FALSE
	EndGlobalSection
	GlobalSection(ExtensibilityGlobals) = postSolution
		SolutionGuid = {7A8099B6-19B2-4C27-84A2-761A79590895}
	EndGlobalSection
EndGlobal
